{
  "name": "HyperTrackOnboarding",
  "version": "0.0.1",
  "lockfileVersion": 1,
  "requires": true,
  "dependencies": {
    "react-native-hypertrack": {
      "version": "3.0.4",
      "resolved": "https://registry.npmjs.org/react-native-hypertrack/-/react-native-hypertrack-3.0.4.tgz",
      "integrity": "sha1-QEzj/P42WbzvZK8FCCa3VwRkunw="
    }
  }
}
