PODS:
  - Alamofire (4.6.0)
  - CocoaLumberjack/Default (3.4.1)
  - CocoaLumberjack/Swift (3.4.1):
    - CocoaLumberjack/Default
  - GzipSwift (4.0.4)
  - HyperTrack (0.6.9):
    - Alamofire (>= 4.4.0)
    - CocoaLumberjack/Swift
    - GzipSwift
    - SQLite.swift (= 0.11.2)
  - SQLite.swift (0.11.2):
    - SQLite.swift/standard (= 0.11.2)
  - SQLite.swift/standard (0.11.2)

DEPENDENCIES:
  - HyperTrack

SPEC CHECKSUMS:
  Alamofire: f41a599bd63041760b26d393ec1069d9d7b917f4
  CocoaLumberjack: 2e258a064cacc8eb9a2aca318e24d02a0a7fd56d
  GzipSwift: 1a5bc5f7827e09846b0635b5079f1224bc3b1c3a
  HyperTrack: 552a56451e08275b99ef98deac7b9f4cf19dfbe1
  SQLite.swift: 670c3e9e0a806bbfd56a3de5d530768dc0e6fe7c

PODFILE CHECKSUM: 7c2dedefa5cff0bfcc942dacd270823015674883

COCOAPODS: 1.4.0
